// !$*UTF8*$!
{
	archiveVersion = 1;
	classes = {
	};
	objectVersion = 52;
	objects = {

/* Begin PBXBuildFile section */
		75393D5B20B4BD95005D36DA /* main.swift in Sources */ = {isa = PBXBuildFile; fileRef = 75393D5A20B4BD95005D36DA /* main.swift */; };
		75393D6620B4C97C005D36DA /* MultiValueParser.swift in Sources */ = {isa = PBXBuildFile; fileRef = 75393D6520B4C97C005D36DA /* MultiValueParser.swift */; };
		75393D6820B4C998005D36DA /* Parser.swift in Sources */ = {isa = PBXBuildFile; fileRef = 75393D6720B4C998005D36DA /* Parser.swift */; };
		7568B8642530D2BC00A34E96 /* ArgumentParser in Frameworks */ = {isa = PBXBuildFile; productRef = 7568B8632530D2BC00A34E96 /* ArgumentParser */; };
		75D1FA8A20B4D31C0013E90B /* Printer.swift in Sources */ = {isa = PBXBuildFile; fileRef = 75D1FA8920B4D31C0013E90B /* Printer.swift */; };
		75D1FA8D20B4D37A0013E90B /* PrintableObject.swift in Sources */ = {isa = PBXBuildFile; fileRef = 75D1FA8C20B4D37A0013E90B /* PrintableObject.swift */; };
		75D1FA8F20B4D5990013E90B /* MultiValueObject.swift in Sources */ = {isa = PBXBuildFile; fileRef = 75D1FA8E20B4D5990013E90B /* MultiValueObject.swift */; };
		75D1FA9120B4D7700013E90B /* Keys.swift in Sources */ = {isa = PBXBuildFile; fileRef = 75D1FA9020B4D7700013E90B /* Keys.swift */; };
		75D1FA9420B4D7D90013E90B /* Types.swift in Sources */ = {isa = PBXBuildFile; fileRef = 75D1FA9320B4D7D90013E90B /* Types.swift */; };
		75D1FA9720B4D9CD0013E90B /* StringExtensions.swift in Sources */ = {isa = PBXBuildFile; fileRef = 75D1FA9620B4D9CD0013E90B /* StringExtensions.swift */; };
/* End PBXBuildFile section */

/* Begin PBXCopyFilesBuildPhase section */
		75393D5520B4BD95005D36DA /* CopyFiles */ = {
			isa = PBXCopyFilesBuildPhase;
			buildActionMask = 2147483647;
			dstPath = /usr/share/man/man1/;
			dstSubfolderSpec = 0;
			files = (
			);
			runOnlyForDeploymentPostprocessing = 1;
		};
/* End PBXCopyFilesBuildPhase section */

/* Begin PBXFileReference section */
		75393D5720B4BD95005D36DA /* SettingsGenerator */ = {isa = PBXFileReference; explicitFileType = "compiled.mach-o.executable"; includeInIndex = 0; path = SettingsGenerator; sourceTree = BUILT_PRODUCTS_DIR; };
		75393D5A20B4BD95005D36DA /* main.swift */ = {isa = PBXFileReference; lastKnownFileType = sourcecode.swift; path = main.swift; sourceTree = "<group>"; };
		75393D6520B4C97C005D36DA /* MultiValueParser.swift */ = {isa = PBXFileReference; lastKnownFileType = sourcecode.swift; path = MultiValueParser.swift; sourceTree = "<group>"; };
		75393D6720B4C998005D36DA /* Parser.swift */ = {isa = PBXFileReference; lastKnownFileType = sourcecode.swift; path = Parser.swift; sourceTree = "<group>"; };
		75D1FA8920B4D31C0013E90B /* Printer.swift */ = {isa = PBXFileReference; lastKnownFileType = sourcecode.swift; path = Printer.swift; sourceTree = "<group>"; };
		75D1FA8C20B4D37A0013E90B /* PrintableObject.swift */ = {isa = PBXFileReference; lastKnownFileType = sourcecode.swift; path = PrintableObject.swift; sourceTree = "<group>"; };
		75D1FA8E20B4D5990013E90B /* MultiValueObject.swift */ = {isa = PBXFileReference; lastKnownFileType = sourcecode.swift; path = MultiValueObject.swift; sourceTree = "<group>"; };
		75D1FA9020B4D7700013E90B /* Keys.swift */ = {isa = PBXFileReference; lastKnownFileType = sourcecode.swift; path = Keys.swift; sourceTree = "<group>"; };
		75D1FA9320B4D7D90013E90B /* Types.swift */ = {isa = PBXFileReference; lastKnownFileType = sourcecode.swift; path = Types.swift; sourceTree = "<group>"; };
		75D1FA9620B4D9CD0013E90B /* StringExtensions.swift */ = {isa = PBXFileReference; lastKnownFileType = sourcecode.swift; path = StringExtensions.swift; sourceTree = "<group>"; };
/* End PBXFileReference section */

/* Begin PBXFrameworksBuildPhase section */
		75393D5420B4BD95005D36DA /* Frameworks */ = {
			isa = PBXFrameworksBuildPhase;
			buildActionMask = 2147483647;
			files = (
				7568B8642530D2BC00A34E96 /* ArgumentParser in Frameworks */,
			);
			runOnlyForDeploymentPostprocessing = 0;
		};
/* End PBXFrameworksBuildPhase section */

/* Begin PBXGroup section */
		75393D4E20B4BD94005D36DA = {
			isa = PBXGroup;
			children = (
				75393D5920B4BD95005D36DA /* SettingsGenerator */,
				75393D5820B4BD95005D36DA /* Products */,
			);
			sourceTree = "<group>";
		};
		75393D5820B4BD95005D36DA /* Products */ = {
			isa = PBXGroup;
			children = (
				75393D5720B4BD95005D36DA /* SettingsGenerator */,
			);
			name = Products;
			sourceTree = "<group>";
		};
		75393D5920B4BD95005D36DA /* SettingsGenerator */ = {
			isa = PBXGroup;
			children = (
				75D1FA9520B4D9C10013E90B /* Extensions */,
				75D1FA9220B4D7CB0013E90B /* String Enums */,
				75D1FA8820B4D30A0013E90B /* Printer */,
				75393D6920B4CBAE005D36DA /* Printable Objects */,
				75393D6320B4C94E005D36DA /* Parsers */,
				75393D5A20B4BD95005D36DA /* main.swift */,
			);
			path = SettingsGenerator;
			sourceTree = "<group>";
		};
		75393D6320B4C94E005D36DA /* Parsers */ = {
			isa = PBXGroup;
			children = (
				75393D6520B4C97C005D36DA /* MultiValueParser.swift */,
				75393D6720B4C998005D36DA /* Parser.swift */,
			);
			path = Parsers;
			sourceTree = "<group>";
		};
		75393D6920B4CBAE005D36DA /* Printable Objects */ = {
			isa = PBXGroup;
			children = (
				75D1FA8C20B4D37A0013E90B /* PrintableObject.swift */,
				75D1FA8E20B4D5990013E90B /* MultiValueObject.swift */,
			);
			path = "Printable Objects";
			sourceTree = "<group>";
		};
		75D1FA8820B4D30A0013E90B /* Printer */ = {
			isa = PBXGroup;
			children = (
				75D1FA8920B4D31C0013E90B /* Printer.swift */,
			);
			path = Printer;
			sourceTree = "<group>";
		};
		75D1FA9220B4D7CB0013E90B /* String Enums */ = {
			isa = PBXGroup;
			children = (
				75D1FA9020B4D7700013E90B /* Keys.swift */,
				75D1FA9320B4D7D90013E90B /* Types.swift */,
			);
			path = "String Enums";
			sourceTree = "<group>";
		};
		75D1FA9520B4D9C10013E90B /* Extensions */ = {
			isa = PBXGroup;
			children = (
				75D1FA9620B4D9CD0013E90B /* StringExtensions.swift */,
			);
			path = Extensions;
			sourceTree = "<group>";
		};
/* End PBXGroup section */

/* Begin PBXNativeTarget section */
		75393D5620B4BD95005D36DA /* SettingsGenerator */ = {
			isa = PBXNativeTarget;
			buildConfigurationList = 75393D5E20B4BD95005D36DA /* Build configuration list for PBXNativeTarget "SettingsGenerator" */;
			buildPhases = (
				75393D5320B4BD95005D36DA /* Sources */,
				75393D5420B4BD95005D36DA /* Frameworks */,
				75393D5520B4BD95005D36DA /* CopyFiles */,
			);
			buildRules = (
			);
			dependencies = (
				7568B8682530D3B600A34E96 /* PBXTargetDependency */,
			);
			name = SettingsGenerator;
			packageProductDependencies = (
				7568B8632530D2BC00A34E96 /* ArgumentParser */,
			);
			productName = SettingsGenerator;
			productReference = 75393D5720B4BD95005D36DA /* SettingsGenerator */;
			productType = "com.apple.product-type.tool";
		};
/* End PBXNativeTarget section */

/* Begin PBXProject section */
		75393D4F20B4BD94005D36DA /* Project object */ = {
			isa = PBXProject;
			attributes = {
				LastSwiftUpdateCheck = 0930;
				LastUpgradeCheck = 1200;
				ORGANIZATIONNAME = "Benedek Kozma";
				TargetAttributes = {
					75393D5620B4BD95005D36DA = {
						CreatedOnToolsVersion = 9.3.1;
					};
				};
			};
			buildConfigurationList = 75393D5220B4BD94005D36DA /* Build configuration list for PBXProject "SettingsGenerator" */;
			compatibilityVersion = "Xcode 9.3";
			developmentRegion = en;
			hasScannedForEncodings = 0;
			knownRegions = (
				en,
				Base,
			);
			mainGroup = 75393D4E20B4BD94005D36DA;
			packageReferences = (
				7568B8622530D2BC00A34E96 /* XCRemoteSwiftPackageReference "swift-argument-parser" */,
			);
			productRefGroup = 75393D5820B4BD95005D36DA /* Products */;
			projectDirPath = "";
			projectRoot = "";
			targets = (
				75393D5620B4BD95005D36DA /* SettingsGenerator */,
			);
		};
/* End PBXProject section */

/* Begin PBXSourcesBuildPhase section */
		75393D5320B4BD95005D36DA /* Sources */ = {
			isa = PBXSourcesBuildPhase;
			buildActionMask = 2147483647;
			files = (
				75D1FA8F20B4D5990013E90B /* MultiValueObject.swift in Sources */,
				75D1FA8A20B4D31C0013E90B /* Printer.swift in Sources */,
				75393D6620B4C97C005D36DA /* MultiValueParser.swift in Sources */,
				75D1FA9720B4D9CD0013E90B /* StringExtensions.swift in Sources */,
				75D1FA9420B4D7D90013E90B /* Types.swift in Sources */,
				75393D5B20B4BD95005D36DA /* main.swift in Sources */,
				75D1FA9120B4D7700013E90B /* Keys.swift in Sources */,
				75D1FA8D20B4D37A0013E90B /* PrintableObject.swift in Sources */,
				75393D6820B4C998005D36DA /* Parser.swift in Sources */,
			);
			runOnlyForDeploymentPostprocessing = 0;
		};
/* End PBXSourcesBuildPhase section */

/* Begin PBXTargetDependency section */
		7568B8682530D3B600A34E96 /* PBXTargetDependency */ = {
			isa = PBXTargetDependency;
			productRef = 7568B8672530D3B600A34E96 /* ArgumentParser */;
		};
/* End PBXTargetDependency section */

/* Begin XCBuildConfiguration section */
		75393D5C20B4BD95005D36DA /* Debug */ = {
			isa = XCBuildConfiguration;
			buildSettings = {
				ALWAYS_SEARCH_USER_PATHS = NO;
				CLANG_ANALYZER_NONNULL = YES;
				CLANG_ANALYZER_NUMBER_OBJECT_CONVERSION = YES_AGGRESSIVE;
				CLANG_CXX_LANGUAGE_STANDARD = "gnu++14";
				CLANG_CXX_LIBRARY = "libc++";
				CLANG_ENABLE_MODULES = YES;
				CLANG_ENABLE_OBJC_ARC = YES;
				CLANG_ENABLE_OBJC_WEAK = YES;
				CLANG_WARN_BLOCK_CAPTURE_AUTORELEASING = YES;
				CLANG_WARN_BOOL_CONVERSION = YES;
				CLANG_WARN_COMMA = YES;
				CLANG_WARN_CONSTANT_CONVERSION = YES;
				CLANG_WARN_DEPRECATED_OBJC_IMPLEMENTATIONS = YES;
				CLANG_WARN_DIRECT_OBJC_ISA_USAGE = YES_ERROR;
				CLANG_WARN_DOCUMENTATION_COMMENTS = YES;
				CLANG_WARN_EMPTY_BODY = YES;
				CLANG_WARN_ENUM_CONVERSION = YES;
				CLANG_WARN_INFINITE_RECURSION = YES;
				CLANG_WARN_INT_CONVERSION = YES;
				CLANG_WARN_NON_LITERAL_NULL_CONVERSION = YES;
				CLANG_WARN_OBJC_IMPLICIT_RETAIN_SELF = YES;
				CLANG_WARN_OBJC_LITERAL_CONVERSION = YES;
				CLANG_WARN_OBJC_ROOT_CLASS = YES_ERROR;
				CLANG_WARN_QUOTED_INCLUDE_IN_FRAMEWORK_HEADER = YES;
				CLANG_WARN_RANGE_LOOP_ANALYSIS = YES;
				CLANG_WARN_STRICT_PROTOTYPES = YES;
				CLANG_WARN_SUSPICIOUS_MOVE = YES;
				CLANG_WARN_UNGUARDED_AVAILABILITY = YES_AGGRESSIVE;
				CLANG_WARN_UNREACHABLE_CODE = YES;
				CLANG_WARN__DUPLICATE_METHOD_MATCH = YES;
				CODE_SIGN_IDENTITY = "Mac Developer";
				COPY_PHASE_STRIP = NO;
				DEBUG_INFORMATION_FORMAT = dwarf;
				ENABLE_STRICT_OBJC_MSGSEND = YES;
				ENABLE_TESTABILITY = YES;
				GCC_C_LANGUAGE_STANDARD = gnu11;
				GCC_DYNAMIC_NO_PIC = NO;
				GCC_NO_COMMON_BLOCKS = YES;
				GCC_OPTIMIZATION_LEVEL = 0;
				GCC_PREPROCESSOR_DEFINITIONS = (
					"DEBUG=1",
					"$(inherited)",
				);
				GCC_WARN_64_TO_32_BIT_CONVERSION = YES;
				GCC_WARN_ABOUT_RETURN_TYPE = YES_ERROR;
				GCC_WARN_UNDECLARED_SELECTOR = YES;
				GCC_WARN_UNINITIALIZED_AUTOS = YES_AGGRESSIVE;
				GCC_WARN_UNUSED_FUNCTION = YES;
				GCC_WARN_UNUSED_VARIABLE = YES;
				MACOSX_DEPLOYMENT_TARGET = 10.14.4;
				MTL_ENABLE_DEBUG_INFO = YES;
				ONLY_ACTIVE_ARCH = YES;
				SDKROOT = macosx;
				SWIFT_ACTIVE_COMPILATION_CONDITIONS = DEBUG;
				SWIFT_OPTIMIZATION_LEVEL = "-Onone";
			};
			name = Debug;
		};
		75393D5D20B4BD95005D36DA /* Release */ = {
			isa = XCBuildConfiguration;
			buildSettings = {
				ALWAYS_SEARCH_USER_PATHS = NO;
				CLANG_ANALYZER_NONNULL = YES;
				CLANG_ANALYZER_NUMBER_OBJECT_CONVERSION = YES_AGGRESSIVE;
				CLANG_CXX_LANGUAGE_STANDARD = "gnu++14";
				CLANG_CXX_LIBRARY = "libc++";
				CLANG_ENABLE_MODULES = YES;
				CLANG_ENABLE_OBJC_ARC = YES;
				CLANG_ENABLE_OBJC_WEAK = YES;
				CLANG_WARN_BLOCK_CAPTURE_AUTORELEASING = YES;
				CLANG_WARN_BOOL_CONVERSION = YES;
				CLANG_WARN_COMMA = YES;
				CLANG_WARN_CONSTANT_CONVERSION = YES;
				CLANG_WARN_DEPRECATED_OBJC_IMPLEMENTATIONS = YES;
				CLANG_WARN_DIRECT_OBJC_ISA_USAGE = YES_ERROR;
				CLANG_WARN_DOCUMENTATION_COMMENTS = YES;
				CLANG_WARN_EMPTY_BODY = YES;
				CLANG_WARN_ENUM_CONVERSION = YES;
				CLANG_WARN_INFINITE_RECURSION = YES;
				CLANG_WARN_INT_CONVERSION = YES;
				CLANG_WARN_NON_LITERAL_NULL_CONVERSION = YES;
				CLANG_WARN_OBJC_IMPLICIT_RETAIN_SELF = YES;
				CLANG_WARN_OBJC_LITERAL_CONVERSION = YES;
				CLANG_WARN_OBJC_ROOT_CLASS = YES_ERROR;
				CLANG_WARN_QUOTED_INCLUDE_IN_FRAMEWORK_HEADER = YES;
				CLANG_WARN_RANGE_LOOP_ANALYSIS = YES;
				CLANG_WARN_STRICT_PROTOTYPES = YES;
				CLANG_WARN_SUSPICIOUS_MOVE = YES;
				CLANG_WARN_UNGUARDED_AVAILABILITY = YES_AGGRESSIVE;
				CLANG_WARN_UNREACHABLE_CODE = YES;
				CLANG_WARN__DUPLICATE_METHOD_MATCH = YES;
				CODE_SIGN_IDENTITY = "Mac Developer";
				COPY_PHASE_STRIP = NO;
				DEBUG_INFORMATION_FORMAT = "dwarf-with-dsym";
				ENABLE_NS_ASSERTIONS = NO;
				ENABLE_STRICT_OBJC_MSGSEND = YES;
				GCC_C_LANGUAGE_STANDARD = gnu11;
				GCC_NO_COMMON_BLOCKS = YES;
				GCC_WARN_64_TO_32_BIT_CONVERSION = YES;
				GCC_WARN_ABOUT_RETURN_TYPE = YES_ERROR;
				GCC_WARN_UNDECLARED_SELECTOR = YES;
				GCC_WARN_UNINITIALIZED_AUTOS = YES_AGGRESSIVE;
				GCC_WARN_UNUSED_FUNCTION = YES;
				GCC_WARN_UNUSED_VARIABLE = YES;
				MACOSX_DEPLOYMENT_TARGET = 10.14.4;
				MTL_ENABLE_DEBUG_INFO = NO;
				SDKROOT = macosx;
				SWIFT_COMPILATION_MODE = wholemodule;
				SWIFT_OPTIMIZATION_LEVEL = "-O";
			};
			name = Release;
		};
		75393D5F20B4BD95005D36DA /* Debug */ = {
			isa = XCBuildConfiguration;
			buildSettings = {
				CODE_SIGN_IDENTITY = "Apple Development";
				CODE_SIGN_STYLE = Automatic;
				DEVELOPMENT_TEAM = V63P53K235;
				ENABLE_HARDENED_RUNTIME = YES;
				MACOSX_DEPLOYMENT_TARGET = 10.14.4;
				PRODUCT_NAME = "$(TARGET_NAME)";
				SWIFT_VERSION = 5.0;
			};
			name = Debug;
		};
		75393D6020B4BD95005D36DA /* Release */ = {
			isa = XCBuildConfiguration;
			buildSettings = {
				CODE_SIGN_IDENTITY = "Apple Development";
				CODE_SIGN_STYLE = Automatic;
				DEVELOPMENT_TEAM = V63P53K235;
				ENABLE_HARDENED_RUNTIME = YES;
				MACOSX_DEPLOYMENT_TARGET = 10.14.4;
				PRODUCT_NAME = "$(TARGET_NAME)";
				SWIFT_VERSION = 5.0;
			};
			name = Release;
		};
/* End XCBuildConfiguration section */

/* Begin XCConfigurationList section */
		75393D5220B4BD94005D36DA /* Build configuration list for PBXProject "SettingsGenerator" */ = {
			isa = XCConfigurationList;
			buildConfigurations = (
				75393D5C20B4BD95005D36DA /* Debug */,
				75393D5D20B4BD95005D36DA /* Release */,
			);
			defaultConfigurationIsVisible = 0;
			defaultConfigurationName = Release;
		};
		75393D5E20B4BD95005D36DA /* Build configuration list for PBXNativeTarget "SettingsGenerator" */ = {
			isa = XCConfigurationList;
			buildConfigurations = (
				75393D5F20B4BD95005D36DA /* Debug */,
				75393D6020B4BD95005D36DA /* Release */,
			);
			defaultConfigurationIsVisible = 0;
			defaultConfigurationName = Release;
		};
/* End XCConfigurationList section */

/* Begin XCRemoteSwiftPackageReference section */
		7568B8622530D2BC00A34E96 /* XCRemoteSwiftPackageReference "swift-argument-parser" */ = {
			isa = XCRemoteSwiftPackageReference;
			repositoryURL = "https://github.com/apple/swift-argument-parser";
			requirement = {
				kind = upToNextMajorVersion;
				minimumVersion = 0.3.1;
			};
		};
/* End XCRemoteSwiftPackageReference section */

/* Begin XCSwiftPackageProductDependency section */
		7568B8632530D2BC00A34E96 /* ArgumentParser */ = {
			isa = XCSwiftPackageProductDependency;
			package = 7568B8622530D2BC00A34E96 /* XCRemoteSwiftPackageReference "swift-argument-parser" */;
			productName = ArgumentParser;
		};
		7568B8672530D3B600A34E96 /* ArgumentParser */ = {
			isa = XCSwiftPackageProductDependency;
			package = 7568B8622530D2BC00A34E96 /* XCRemoteSwiftPackageReference "swift-argument-parser" */;
			productName = ArgumentParser;
		};
/* End XCSwiftPackageProductDependency section */
	};
	rootObject = 75393D4F20B4BD94005D36DA /* Project object */;
}
